// !$*UTF8*$!
{
	archiveVersion = 1;
	classes = {
	};
	objectVersion = 46;
	objects = {

/* Begin PBXBuildFile section */
		0044BCC733C6C3CE0C23E7C1 /* TVKeyboardView.swift in Sources */ = {isa = PBXBuildFile; fileRef = F5A9E292B09B0A787D974B67 /* TVKeyboardView.swift */; };
		05B269C56B002087BB093DE4 /* ContentView.swift in Sources */ = {isa = PBXBuildFile; fileRef = 9794F0865AB07AF8C1C855BC /* ContentView.swift */; };
		064FFA3D68244170CA395034 /* TVDevice.swift in Sources */ = {isa = PBXBuildFile; fileRef = CC3A699E1C6735CAD39F63EF /* TVDevice.swift */; };
		13FC8F1846B619007F144C16 /* LGProtocol.swift in Sources */ = {isa = PBXBuildFile; fileRef = C62E1E628DDA2B66B45F8C5C /* LGProtocol.swift */; };
		4848FEB5DD891F233E217464 /* SamsungProtocol.swift in Sources */ = {isa = PBXBuildFile; fileRef = 89C88EDD5A892AAC40FA2B6B /* SamsungProtocol.swift */; };
		5C517700139634F6A4551C35 /* Assets.xcassets in Resources */ = {isa = PBXBuildFile; fileRef = 20DF09B5E1F1B63E4E03F874 /* Assets.xcassets */; };
		5C60C8A0D0BAB389BFD10114 /* RokuProtocol.swift in Sources */ = {isa = PBXBuildFile; fileRef = FC2459BA1BE738CCD62421ED /* RokuProtocol.swift */; };
		60C8198C1FEBEA273B001CEE /* TabletRemoteControlApp.swift in Sources */ = {isa = PBXBuildFile; fileRef = FCF2E52FD6EB7250A8B93907 /* TabletRemoteControlApp.swift */; };
		739CB5DF89A8A7B615497B89 /* DeviceListView.swift in Sources */ = {isa = PBXBuildFile; fileRef = C252D6FDE74E1D31C155E48E /* DeviceListView.swift */; };
		8339BB994C0B8C2F7D3154EC /* SonyProtocol.swift in Sources */ = {isa = PBXBuildFile; fileRef = 40E8FF15069DBC6535E2978F /* SonyProtocol.swift */; };
		90C42606BD030605ACBD2CDA /* ADBProtocol.swift in Sources */ = {isa = PBXBuildFile; fileRef = DEF16AF657DBF00F36438824 /* ADBProtocol.swift */; };
		A17B99DB7D298A35EF15E89C /* TVConnectionManager.swift in Sources */ = {isa = PBXBuildFile; fileRef = E3542046B98E5BE0D2F27A0B /* TVConnectionManager.swift */; };
		B6760401036432712B108D49 /* AppState.swift in Sources */ = {isa = PBXBuildFile; fileRef = 40832F5C15678E405C9E81D9 /* AppState.swift */; };
		BD30437E0121C0468DBD362A /* TVDiscoveryService.swift in Sources */ = {isa = PBXBuildFile; fileRef = 2AED83BD29ADC40885079EEA /* TVDiscoveryService.swift */; };
		BE7CE26C785B1A220329B7F0 /* TVTouchpadView.swift in Sources */ = {isa = PBXBuildFile; fileRef = 00F6C08530937962FAC379BA /* TVTouchpadView.swift */; };
		C2F0A1A1C132A371CE716944 /* RemoteControlView.swift in Sources */ = {isa = PBXBuildFile; fileRef = 56FE043A19D883CE54768010 /* RemoteControlView.swift */; };
		D2D56890761D57A8229FA8B5 /* TVProtocolFactory.swift in Sources */ = {isa = PBXBuildFile; fileRef = 2F0EBC48C11AA9DF60D3899C /* TVProtocolFactory.swift */; };
		D99CC6106024EB67D51515CB /* AppsGridView.swift in Sources */ = {isa = PBXBuildFile; fileRef = B451F4AB4F0179CFC07B096A /* AppsGridView.swift */; };
		E07ABF0E98777D58CAFBB25E /* PhilipsProtocol.swift in Sources */ = {isa = PBXBuildFile; fileRef = 7AE479B3BA247CD2FD72BC5C /* PhilipsProtocol.swift */; };
		E0D73E887F1BE8B4F14745F8 /* RemoteCommand.swift in Sources */ = {isa = PBXBuildFile; fileRef = 84E75A184DFFACF6CD08A071 /* RemoteCommand.swift */; };
		E8D4F87E83CB0F7C8CA384BE /* TVProtocol.swift in Sources */ = {isa = PBXBuildFile; fileRef = 7E07C1AFAF079F9E2FECA1C3 /* TVProtocol.swift */; };
		EE55A8940AEA8D6AFEC29650 /* Foundation.framework in Frameworks */ = {isa = PBXBuildFile; fileRef = 6CE038229D76D003C241435E /* Foundation.framework */; };
/* End PBXBuildFile section */

/* Begin PBXFileReference section */
		00F6C08530937962FAC379BA /* TVTouchpadView.swift */ = {isa = PBXFileReference; includeInIndex = 1; lastKnownFileType = sourcecode.swift; path = TVTouchpadView.swift; sourceTree = "<group>"; };
		20DF09B5E1F1B63E4E03F874 /* Assets.xcassets */ = {isa = PBXFileReference; includeInIndex = 1; lastKnownFileType = folder.assetcatalog; path = Assets.xcassets; sourceTree = "<group>"; };
		2AED83BD29ADC40885079EEA /* TVDiscoveryService.swift */ = {isa = PBXFileReference; includeInIndex = 1; lastKnownFileType = sourcecode.swift; path = TVDiscoveryService.swift; sourceTree = "<group>"; };
		2BF571D500B7212672D9D486 /* Info.plist */ = {isa = PBXFileReference; includeInIndex = 1; lastKnownFileType = text.plist.xml; path = Info.plist; sourceTree = "<group>"; };
		2F0EBC48C11AA9DF60D3899C /* TVProtocolFactory.swift */ = {isa = PBXFileReference; includeInIndex = 1; lastKnownFileType = sourcecode.swift; path = TVProtocolFactory.swift; sourceTree = "<group>"; };
		40832F5C15678E405C9E81D9 /* AppState.swift */ = {isa = PBXFileReference; includeInIndex = 1; lastKnownFileType = sourcecode.swift; path = AppState.swift; sourceTree = "<group>"; };
		40E8FF15069DBC6535E2978F /* SonyProtocol.swift */ = {isa = PBXFileReference; includeInIndex = 1; lastKnownFileType = sourcecode.swift; path = SonyProtocol.swift; sourceTree = "<group>"; };
		56FE043A19D883CE54768010 /* RemoteControlView.swift */ = {isa = PBXFileReference; includeInIndex = 1; lastKnownFileType = sourcecode.swift; path = RemoteControlView.swift; sourceTree = "<group>"; };
		6CE038229D76D003C241435E /* Foundation.framework */ = {isa = PBXFileReference; lastKnownFileType = wrapper.framework; name = Foundation.framework; path = Platforms/iPhoneOS.platform/Developer/SDKs/iPhoneOS18.0.sdk/System/Library/Frameworks/Foundation.framework; sourceTree = DEVELOPER_DIR; };
		7858AAE77F7778A93A9E5783 /* TabletRemoteControl.app */ = {isa = PBXFileReference; explicitFileType = wrapper.application; includeInIndex = 0; path = TabletRemoteControl.app; sourceTree = BUILT_PRODUCTS_DIR; };
		7AE479B3BA247CD2FD72BC5C /* PhilipsProtocol.swift */ = {isa = PBXFileReference; includeInIndex = 1; lastKnownFileType = sourcecode.swift; path = PhilipsProtocol.swift; sourceTree = "<group>"; };
		7E07C1AFAF079F9E2FECA1C3 /* TVProtocol.swift */ = {isa = PBXFileReference; includeInIndex = 1; lastKnownFileType = sourcecode.swift; path = TVProtocol.swift; sourceTree = "<group>"; };
		84E75A184DFFACF6CD08A071 /* RemoteCommand.swift */ = {isa = PBXFileReference; includeInIndex = 1; lastKnownFileType = sourcecode.swift; path = RemoteCommand.swift; sourceTree = "<group>"; };
		89C88EDD5A892AAC40FA2B6B /* SamsungProtocol.swift */ = {isa = PBXFileReference; includeInIndex = 1; lastKnownFileType = sourcecode.swift; path = SamsungProtocol.swift; sourceTree = "<group>"; };
		9794F0865AB07AF8C1C855BC /* ContentView.swift */ = {isa = PBXFileReference; includeInIndex = 1; lastKnownFileType = sourcecode.swift; path = ContentView.swift; sourceTree = "<group>"; };
		B451F4AB4F0179CFC07B096A /* AppsGridView.swift */ = {isa = PBXFileReference; includeInIndex = 1; lastKnownFileType = sourcecode.swift; path = AppsGridView.swift; sourceTree = "<group>"; };
		C252D6FDE74E1D31C155E48E /* DeviceListView.swift */ = {isa = PBXFileReference; includeInIndex = 1; lastKnownFileType = sourcecode.swift; path = DeviceListView.swift; sourceTree = "<group>"; };
		C62E1E628DDA2B66B45F8C5C /* LGProtocol.swift */ = {isa = PBXFileReference; includeInIndex = 1; lastKnownFileType = sourcecode.swift; path = LGProtocol.swift; sourceTree = "<group>"; };
		CC3A699E1C6735CAD39F63EF /* TVDevice.swift */ = {isa = PBXFileReference; includeInIndex = 1; lastKnownFileType = sourcecode.swift; path = TVDevice.swift; sourceTree = "<group>"; };
		DEF16AF657DBF00F36438824 /* ADBProtocol.swift */ = {isa = PBXFileReference; includeInIndex = 1; lastKnownFileType = sourcecode.swift; path = ADBProtocol.swift; sourceTree = "<group>"; };
		E3542046B98E5BE0D2F27A0B /* TVConnectionManager.swift */ = {isa = PBXFileReference; includeInIndex = 1; lastKnownFileType = sourcecode.swift; path = TVConnectionManager.swift; sourceTree = "<group>"; };
		F5A9E292B09B0A787D974B67 /* TVKeyboardView.swift */ = {isa = PBXFileReference; includeInIndex = 1; lastKnownFileType = sourcecode.swift; path = TVKeyboardView.swift; sourceTree = "<group>"; };
		FC2459BA1BE738CCD62421ED /* RokuProtocol.swift */ = {isa = PBXFileReference; includeInIndex = 1; lastKnownFileType = sourcecode.swift; path = RokuProtocol.swift; sourceTree = "<group>"; };
		FCF2E52FD6EB7250A8B93907 /* TabletRemoteControlApp.swift */ = {isa = PBXFileReference; includeInIndex = 1; lastKnownFileType = sourcecode.swift; path = TabletRemoteControlApp.swift; sourceTree = "<group>"; };
/* End PBXFileReference section */

/* Begin PBXFrameworksBuildPhase section */
		C391048489C1192FE69C6B56 /* Frameworks */ = {
			isa = PBXFrameworksBuildPhase;
			buildActionMask = 2147483647;
			files = (
				EE55A8940AEA8D6AFEC29650 /* Foundation.framework in Frameworks */,
			);
			runOnlyForDeploymentPostprocessing = 0;
		};
/* End PBXFrameworksBuildPhase section */

/* Begin PBXGroup section */
		01250B52F529F1C4A702B7DC /* Philips */ = {
			isa = PBXGroup;
			children = (
				7AE479B3BA247CD2FD72BC5C /* PhilipsProtocol.swift */,
			);
			name = Philips;
			path = Philips;
			sourceTree = "<group>";
		};
		0154B1A9340610606BDB2049 /* Samsung */ = {
			isa = PBXGroup;
			children = (
				89C88EDD5A892AAC40FA2B6B /* SamsungProtocol.swift */,
			);
			name = Samsung;
			path = Samsung;
			sourceTree = "<group>";
		};
		20D77EC1FA264DB644042829 /* Paywall */ = {
			isa = PBXGroup;
			children = (
			);
			name = Paywall;
			path = Paywall;
			sourceTree = "<group>";
		};
		40F06B618449FA6D554D48D5 /* Touchpad */ = {
			isa = PBXGroup;
			children = (
				00F6C08530937962FAC379BA /* TVTouchpadView.swift */,
			);
			name = Touchpad;
			path = Touchpad;
			sourceTree = "<group>";
		};
		46326E266D003930CB352ABF /* Sony */ = {
			isa = PBXGroup;
			children = (
				40E8FF15069DBC6535E2978F /* SonyProtocol.swift */,
			);
			name = Sony;
			path = Sony;
			sourceTree = "<group>";
		};
		5CF96E15C2689444D147DBA7 /* Products */ = {
			isa = PBXGroup;
			children = (
				7858AAE77F7778A93A9E5783 /* TabletRemoteControl.app */,
			);
			name = Products;
			sourceTree = "<group>";
		};
		6476E25A75AD0B84B21308D8 /* Keyboard */ = {
			isa = PBXGroup;
			children = (
				F5A9E292B09B0A787D974B67 /* TVKeyboardView.swift */,
			);
			name = Keyboard;
			path = Keyboard;
			sourceTree = "<group>";
		};
		693439834CEF8BB5EB8AB007 /* ADB */ = {
			isa = PBXGroup;
			children = (
				DEF16AF657DBF00F36438824 /* ADBProtocol.swift */,
			);
			name = ADB;
			path = ADB;
			sourceTree = "<group>";
		};
		6C94A6471255C3B5CF7FA18D /* Protocols */ = {
			isa = PBXGroup;
			children = (
				693439834CEF8BB5EB8AB007 /* ADB */,
				BC0E3D78EBF0A0280AC737EF /* AppleTV */,
				A112BCA107466C9918F53F75 /* LG */,
				01250B52F529F1C4A702B7DC /* Philips */,
				AF8EC265EB6F6BFBB7D6E360 /* Roku */,
				0154B1A9340610606BDB2049 /* Samsung */,
				46326E266D003930CB352ABF /* Sony */,
				7E07C1AFAF079F9E2FECA1C3 /* TVProtocol.swift */,
			);
			name = Protocols;
			path = Protocols;
			sourceTree = "<group>";
		};
		790B5F8A6F6A564A177DEDF8 /* iOS */ = {
			isa = PBXGroup;
			children = (
				6CE038229D76D003C241435E /* Foundation.framework */,
			);
			name = iOS;
			sourceTree = "<group>";
		};
		7AC0138415E914032AF6C583 /* Models */ = {
			isa = PBXGroup;
			children = (
				84E75A184DFFACF6CD08A071 /* RemoteCommand.swift */,
				CC3A699E1C6735CAD39F63EF /* TVDevice.swift */,
			);
			name = Models;
			path = Models;
			sourceTree = "<group>";
		};
		8A179FA1D672D7273E468811 /* Frameworks */ = {
			isa = PBXGroup;
			children = (
				790B5F8A6F6A564A177DEDF8 /* iOS */,
			);
			name = Frameworks;
			sourceTree = "<group>";
		};
		97150ECD2E657FC8A55FAB57 /* TabletRemoteControl */ = {
			isa = PBXGroup;
			children = (
				992B32D5DC19E4E3142AF0C1 /* App */,
				F1F8762E0E31B3F945DF7174 /* Discovery */,
				7AC0138415E914032AF6C583 /* Models */,
				6C94A6471255C3B5CF7FA18D /* Protocols */,
				BF850DF1D2B15E711D9C5752 /* Services */,
				A8E68C03A0965AF20F381B8B /* UI */,
				20DF09B5E1F1B63E4E03F874 /* Assets.xcassets */,
			);
			name = TabletRemoteControl;
			path = TabletRemoteControl;
			sourceTree = "<group>";
		};
		992B32D5DC19E4E3142AF0C1 /* App */ = {
			isa = PBXGroup;
			children = (
				40832F5C15678E405C9E81D9 /* AppState.swift */,
				9794F0865AB07AF8C1C855BC /* ContentView.swift */,
				2BF571D500B7212672D9D486 /* Info.plist */,
				FCF2E52FD6EB7250A8B93907 /* TabletRemoteControlApp.swift */,
			);
			name = App;
			path = App;
			sourceTree = "<group>";
		};
		9DCEA157C2A4173C4FEFC178 /* Remote */ = {
			isa = PBXGroup;
			children = (
				B451F4AB4F0179CFC07B096A /* AppsGridView.swift */,
				56FE043A19D883CE54768010 /* RemoteControlView.swift */,
			);
			name = Remote;
			path = Remote;
			sourceTree = "<group>";
		};
		A112BCA107466C9918F53F75 /* LG */ = {
			isa = PBXGroup;
			children = (
				C62E1E628DDA2B66B45F8C5C /* LGProtocol.swift */,
			);
			name = LG;
			path = LG;
			sourceTree = "<group>";
		};
		A8E68C03A0965AF20F381B8B /* UI */ = {
			isa = PBXGroup;
			children = (
				F4FAFEDB841E497057834768 /* DeviceList */,
				6476E25A75AD0B84B21308D8 /* Keyboard */,
				B861F5809F193CC1535045C9 /* Onboarding */,
				20D77EC1FA264DB644042829 /* Paywall */,
				9DCEA157C2A4173C4FEFC178 /* Remote */,
				40F06B618449FA6D554D48D5 /* Touchpad */,
			);
			name = UI;
			path = UI;
			sourceTree = "<group>";
		};
		AF8EC265EB6F6BFBB7D6E360 /* Roku */ = {
			isa = PBXGroup;
			children = (
				FC2459BA1BE738CCD62421ED /* RokuProtocol.swift */,
			);
			name = Roku;
			path = Roku;
			sourceTree = "<group>";
		};
		B861F5809F193CC1535045C9 /* Onboarding */ = {
			isa = PBXGroup;
			children = (
			);
			name = Onboarding;
			path = Onboarding;
			sourceTree = "<group>";
		};
		BA45312135EF0510476E3978 = {
			isa = PBXGroup;
			children = (
				5CF96E15C2689444D147DBA7 /* Products */,
				8A179FA1D672D7273E468811 /* Frameworks */,
				97150ECD2E657FC8A55FAB57 /* TabletRemoteControl */,
			);
			sourceTree = "<group>";
		};
		BC0E3D78EBF0A0280AC737EF /* AppleTV */ = {
			isa = PBXGroup;
			children = (
			);
			name = AppleTV;
			path = AppleTV;
			sourceTree = "<group>";
		};
		BF850DF1D2B15E711D9C5752 /* Services */ = {
			isa = PBXGroup;
			children = (
				E3542046B98E5BE0D2F27A0B /* TVConnectionManager.swift */,
				2F0EBC48C11AA9DF60D3899C /* TVProtocolFactory.swift */,
			);
			name = Services;
			path = Services;
			sourceTree = "<group>";
		};
		F1F8762E0E31B3F945DF7174 /* Discovery */ = {
			isa = PBXGroup;
			children = (
				2AED83BD29ADC40885079EEA /* TVDiscoveryService.swift */,
			);
			name = Discovery;
			path = Discovery;
			sourceTree = "<group>";
		};
		F4FAFEDB841E497057834768 /* DeviceList */ = {
			isa = PBXGroup;
			children = (
				C252D6FDE74E1D31C155E48E /* DeviceListView.swift */,
			);
			name = DeviceList;
			path = DeviceList;
			sourceTree = "<group>";
		};
/* End PBXGroup section */

/* Begin PBXNativeTarget section */
		686A1570DB00595966AD9769 /* TabletRemoteControl */ = {
			isa = PBXNativeTarget;
			buildConfigurationList = 9C98885293D4A057C808B28A /* Build configuration list for PBXNativeTarget "TabletRemoteControl" */;
			buildPhases = (
				73EC65FE654752F04FD937B3 /* Sources */,
				C391048489C1192FE69C6B56 /* Frameworks */,
				DDF7293007BECDCA2A895723 /* Resources */,
			);
			buildRules = (
			);
			dependencies = (
			);
			name = TabletRemoteControl;
			productName = TabletRemoteControl;
			productReference = 7858AAE77F7778A93A9E5783 /* TabletRemoteControl.app */;
			productType = "com.apple.product-type.application";
		};
/* End PBXNativeTarget section */

/* Begin PBXProject section */
		50958F12C99FEB706B9C0202 /* Project object */ = {
			isa = PBXProject;
			attributes = {
				LastSwiftUpdateCheck = 1600;
				LastUpgradeCheck = 1600;
			};
			buildConfigurationList = 2236A779B5187B255DCE9A85 /* Build configuration list for PBXProject "TabletRemoteControl" */;
			compatibilityVersion = "Xcode 3.2";
			developmentRegion = en;
			hasScannedForEncodings = 0;
			knownRegions = (
				en,
				Base,
			);
			mainGroup = BA45312135EF0510476E3978;
			minimizedProjectReferenceProxies = 0;
			preferredProjectObjectVersion = 77;
			productRefGroup = 5CF96E15C2689444D147DBA7 /* Products */;
			projectDirPath = "";
			projectRoot = "";
			targets = (
				686A1570DB00595966AD9769 /* TabletRemoteControl */,
			);
		};
/* End PBXProject section */

/* Begin PBXResourcesBuildPhase section */
		DDF7293007BECDCA2A895723 /* Resources */ = {
			isa = PBXResourcesBuildPhase;
			buildActionMask = 2147483647;
			files = (
				5C517700139634F6A4551C35 /* Assets.xcassets in Resources */,
			);
			runOnlyForDeploymentPostprocessing = 0;
		};
/* End PBXResourcesBuildPhase section */

/* Begin PBXSourcesBuildPhase section */
		73EC65FE654752F04FD937B3 /* Sources */ = {
			isa = PBXSourcesBuildPhase;
			buildActionMask = 2147483647;
			files = (
				B6760401036432712B108D49 /* AppState.swift in Sources */,
				05B269C56B002087BB093DE4 /* ContentView.swift in Sources */,
				60C8198C1FEBEA273B001CEE /* TabletRemoteControlApp.swift in Sources */,
				BD30437E0121C0468DBD362A /* TVDiscoveryService.swift in Sources */,
				E0D73E887F1BE8B4F14745F8 /* RemoteCommand.swift in Sources */,
				064FFA3D68244170CA395034 /* TVDevice.swift in Sources */,
				90C42606BD030605ACBD2CDA /* ADBProtocol.swift in Sources */,
				13FC8F1846B619007F144C16 /* LGProtocol.swift in Sources */,
				E07ABF0E98777D58CAFBB25E /* PhilipsProtocol.swift in Sources */,
				5C60C8A0D0BAB389BFD10114 /* RokuProtocol.swift in Sources */,
				4848FEB5DD891F233E217464 /* SamsungProtocol.swift in Sources */,
				8339BB994C0B8C2F7D3154EC /* SonyProtocol.swift in Sources */,
				E8D4F87E83CB0F7C8CA384BE /* TVProtocol.swift in Sources */,
				A17B99DB7D298A35EF15E89C /* TVConnectionManager.swift in Sources */,
				D2D56890761D57A8229FA8B5 /* TVProtocolFactory.swift in Sources */,
				739CB5DF89A8A7B615497B89 /* DeviceListView.swift in Sources */,
				0044BCC733C6C3CE0C23E7C1 /* TVKeyboardView.swift in Sources */,
				D99CC6106024EB67D51515CB /* AppsGridView.swift in Sources */,
				C2F0A1A1C132A371CE716944 /* RemoteControlView.swift in Sources */,
				BE7CE26C785B1A220329B7F0 /* TVTouchpadView.swift in Sources */,
			);
			runOnlyForDeploymentPostprocessing = 0;
		};
/* End PBXSourcesBuildPhase section */

/* Begin XCBuildConfiguration section */
		09A3C1E779DD79081CFE5613 /* Debug */ = {
			isa = XCBuildConfiguration;
			buildSettings = {
				ASSETCATALOG_COMPILER_APPICON_NAME = AppIcon;
				ASSETCATALOG_COMPILER_GLOBAL_ACCENT_COLOR_NAME = AccentColor;
				CLANG_ENABLE_OBJC_WEAK = NO;
				CODE_SIGN_STYLE = Automatic;
				DEVELOPMENT_TEAM = 5487HDH2B9;
				ENABLE_PREVIEWS = YES;
				INFOPLIST_FILE = TabletRemoteControl/Sources/App/Info.plist;
				IPHONEOS_DEPLOYMENT_TARGET = 17.0;
				LD_RUNPATH_SEARCH_PATHS = "$(inherited) @executable_path/Frameworks";
				PRODUCT_BUNDLE_IDENTIFIER = "ipad remote control - ipadremotecontrolapp";
				SDKROOT = iphoneos;
				SWIFT_EMIT_LOC_STRINGS = YES;
				SWIFT_VERSION = 5.9;
				TARGETED_DEVICE_FAMILY = 2;
			};
			name = Debug;
		};
		C4E15AC44ADF376B03642E21 /* Release */ = {
			isa = XCBuildConfiguration;
			buildSettings = {
				ASSETCATALOG_COMPILER_APPICON_NAME = AppIcon;
				ASSETCATALOG_COMPILER_GLOBAL_ACCENT_COLOR_NAME = AccentColor;
				CLANG_ENABLE_OBJC_WEAK = NO;
				CODE_SIGN_STYLE = Automatic;
				DEVELOPMENT_TEAM = 5487HDH2B9;
				ENABLE_PREVIEWS = YES;
				INFOPLIST_FILE = TabletRemoteControl/Sources/App/Info.plist;
				IPHONEOS_DEPLOYMENT_TARGET = 17.0;
				LD_RUNPATH_SEARCH_PATHS = "$(inherited) @executable_path/Frameworks";
				PRODUCT_BUNDLE_IDENTIFIER = "ipad remote control - ipadremotecontrolapp";
				SDKROOT = iphoneos;
				SWIFT_EMIT_LOC_STRINGS = YES;
				SWIFT_VERSION = 5.9;
				TARGETED_DEVICE_FAMILY = 2;
				VALIDATE_PRODUCT = YES;
			};
			name = Release;
		};
		DE61B326A33BDBBFA30F54A5 /* Release */ = {
			isa = XCBuildConfiguration;
			buildSettings = {
				ALWAYS_SEARCH_USER_PATHS = NO;
				CLANG_ANALYZER_NONNULL = YES;
				CLANG_ANALYZER_NUMBER_OBJECT_CONVERSION = YES_AGGRESSIVE;
				CLANG_CXX_LANGUAGE_STANDARD = "gnu++14";
				CLANG_CXX_LIBRARY = "libc++";
				CLANG_ENABLE_MODULES = YES;
				CLANG_ENABLE_OBJC_ARC = YES;
				CLANG_ENABLE_OBJC_WEAK = YES;
				CLANG_WARN_BLOCK_CAPTURE_AUTORELEASING = YES;
				CLANG_WARN_BOOL_CONVERSION = YES;
				CLANG_WARN_COMMA = YES;
				CLANG_WARN_CONSTANT_CONVERSION = YES;
				CLANG_WARN_DEPRECATED_OBJC_IMPLEMENTATIONS = YES;
				CLANG_WARN_DIRECT_OBJC_ISA_USAGE = YES_ERROR;
				CLANG_WARN_DOCUMENTATION_COMMENTS = YES;
				CLANG_WARN_EMPTY_BODY = YES;
				CLANG_WARN_ENUM_CONVERSION = YES;
				CLANG_WARN_INFINITE_RECURSION = YES;
				CLANG_WARN_INT_CONVERSION = YES;
				CLANG_WARN_NON_LITERAL_NULL_CONVERSION = YES;
				CLANG_WARN_OBJC_IMPLICIT_RETAIN_SELF = YES;
				CLANG_WARN_OBJC_LITERAL_CONVERSION = YES;
				CLANG_WARN_OBJC_ROOT_CLASS = YES_ERROR;
				CLANG_WARN_QUOTED_INCLUDE_IN_FRAMEWORK_HEADER = YES;
				CLANG_WARN_RANGE_LOOP_ANALYSIS = YES;
				CLANG_WARN_STRICT_PROTOTYPES = YES;
				CLANG_WARN_SUSPICIOUS_MOVE = YES;
				CLANG_WARN_UNGUARDED_AVAILABILITY = YES_AGGRESSIVE;
				CLANG_WARN_UNREACHABLE_CODE = YES;
				CLANG_WARN__DUPLICATE_METHOD_MATCH = YES;
				CODE_SIGN_STYLE = Automatic;
				COPY_PHASE_STRIP = NO;
				DEBUG_INFORMATION_FORMAT = "dwarf-with-dsym";
				DEVELOPMENT_TEAM = 5487HDH2B9;
				ENABLE_NS_ASSERTIONS = NO;
				ENABLE_PREVIEWS = YES;
				ENABLE_STRICT_OBJC_MSGSEND = YES;
				GCC_C_LANGUAGE_STANDARD = gnu11;
				GCC_NO_COMMON_BLOCKS = YES;
				GCC_WARN_64_TO_32_BIT_CONVERSION = YES;
				GCC_WARN_ABOUT_RETURN_TYPE = YES_ERROR;
				GCC_WARN_UNDECLARED_SELECTOR = YES;
				GCC_WARN_UNINITIALIZED_AUTOS = YES_AGGRESSIVE;
				GCC_WARN_UNUSED_FUNCTION = YES;
				GCC_WARN_UNUSED_VARIABLE = YES;
				INFOPLIST_FILE = TabletRemoteControl/Sources/App/Info.plist;
				IPHONEOS_DEPLOYMENT_TARGET = 17.0;
				MTL_ENABLE_DEBUG_INFO = NO;
				MTL_FAST_MATH = YES;
				PRODUCT_BUNDLE_IDENTIFIER = "ipad remote control - ipadremotecontrolapp";
				PRODUCT_NAME = "$(TARGET_NAME)";
				SWIFT_COMPILATION_MODE = wholemodule;
				SWIFT_EMIT_LOC_STRINGS = YES;
				SWIFT_OPTIMIZATION_LEVEL = "-O";
				SWIFT_VERSION = 5.9;
				TARGETED_DEVICE_FAMILY = 2;
			};
			name = Release;
		};
		F95D03AAA99AC98F7DB16FE4 /* Debug */ = {
			isa = XCBuildConfiguration;
			buildSettings = {
				ALWAYS_SEARCH_USER_PATHS = NO;
				CLANG_ANALYZER_NONNULL = YES;
				CLANG_ANALYZER_NUMBER_OBJECT_CONVERSION = YES_AGGRESSIVE;
				CLANG_CXX_LANGUAGE_STANDARD = "gnu++14";
				CLANG_CXX_LIBRARY = "libc++";
				CLANG_ENABLE_MODULES = YES;
				CLANG_ENABLE_OBJC_ARC = YES;
				CLANG_ENABLE_OBJC_WEAK = YES;
				CLANG_WARN_BLOCK_CAPTURE_AUTORELEASING = YES;
				CLANG_WARN_BOOL_CONVERSION = YES;
				CLANG_WARN_COMMA = YES;
				CLANG_WARN_CONSTANT_CONVERSION = YES;
				CLANG_WARN_DEPRECATED_OBJC_IMPLEMENTATIONS = YES;
				CLANG_WARN_DIRECT_OBJC_ISA_USAGE = YES_ERROR;
				CLANG_WARN_DOCUMENTATION_COMMENTS = YES;
				CLANG_WARN_EMPTY_BODY = YES;
				CLANG_WARN_ENUM_CONVERSION = YES;
				CLANG_WARN_INFINITE_RECURSION = YES;
				CLANG_WARN_INT_CONVERSION = YES;
				CLANG_WARN_NON_LITERAL_NULL_CONVERSION = YES;
				CLANG_WARN_OBJC_IMPLICIT_RETAIN_SELF = YES;
				CLANG_WARN_OBJC_LITERAL_CONVERSION = YES;
				CLANG_WARN_OBJC_ROOT_CLASS = YES_ERROR;
				CLANG_WARN_QUOTED_INCLUDE_IN_FRAMEWORK_HEADER = YES;
				CLANG_WARN_RANGE_LOOP_ANALYSIS = YES;
				CLANG_WARN_STRICT_PROTOTYPES = YES;
				CLANG_WARN_SUSPICIOUS_MOVE = YES;
				CLANG_WARN_UNGUARDED_AVAILABILITY = YES_AGGRESSIVE;
				CLANG_WARN_UNREACHABLE_CODE = YES;
				CLANG_WARN__DUPLICATE_METHOD_MATCH = YES;
				CODE_SIGN_STYLE = Automatic;
				COPY_PHASE_STRIP = NO;
				DEBUG_INFORMATION_FORMAT = dwarf;
				DEVELOPMENT_TEAM = 5487HDH2B9;
				ENABLE_PREVIEWS = YES;
				ENABLE_STRICT_OBJC_MSGSEND = YES;
				ENABLE_TESTABILITY = YES;
				GCC_C_LANGUAGE_STANDARD = gnu11;
				GCC_DYNAMIC_NO_PIC = NO;
				GCC_NO_COMMON_BLOCKS = YES;
				GCC_OPTIMIZATION_LEVEL = 0;
				GCC_PREPROCESSOR_DEFINITIONS = (
					"DEBUG=1",
					"$(inherited)",
				);
				GCC_WARN_64_TO_32_BIT_CONVERSION = YES;
				GCC_WARN_ABOUT_RETURN_TYPE = YES_ERROR;
				GCC_WARN_UNDECLARED_SELECTOR = YES;
				GCC_WARN_UNINITIALIZED_AUTOS = YES_AGGRESSIVE;
				GCC_WARN_UNUSED_FUNCTION = YES;
				GCC_WARN_UNUSED_VARIABLE = YES;
				INFOPLIST_FILE = TabletRemoteControl/Sources/App/Info.plist;
				IPHONEOS_DEPLOYMENT_TARGET = 17.0;
				MTL_ENABLE_DEBUG_INFO = INCLUDE_SOURCE;
				MTL_FAST_MATH = YES;
				ONLY_ACTIVE_ARCH = YES;
				PRODUCT_BUNDLE_IDENTIFIER = "ipad remote control - ipadremotecontrolapp";
				PRODUCT_NAME = "$(TARGET_NAME)";
				SWIFT_ACTIVE_COMPILATION_CONDITIONS = DEBUG;
				SWIFT_EMIT_LOC_STRINGS = YES;
				SWIFT_OPTIMIZATION_LEVEL = "-Onone";
				SWIFT_VERSION = 5.9;
				TARGETED_DEVICE_FAMILY = 2;
			};
			name = Debug;
		};
/* End XCBuildConfiguration section */

/* Begin XCConfigurationList section */
		2236A779B5187B255DCE9A85 /* Build configuration list for PBXProject "TabletRemoteControl" */ = {
			isa = XCConfigurationList;
			buildConfigurations = (
				F95D03AAA99AC98F7DB16FE4 /* Debug */,
				DE61B326A33BDBBFA30F54A5 /* Release */,
			);
			defaultConfigurationIsVisible = 0;
			defaultConfigurationName = Release;
		};
		9C98885293D4A057C808B28A /* Build configuration list for PBXNativeTarget "TabletRemoteControl" */ = {
			isa = XCConfigurationList;
			buildConfigurations = (
				C4E15AC44ADF376B03642E21 /* Release */,
				09A3C1E779DD79081CFE5613 /* Debug */,
			);
			defaultConfigurationIsVisible = 0;
			defaultConfigurationName = Release;
		};
/* End XCConfigurationList section */
	};
	rootObject = 50958F12C99FEB706B9C0202 /* Project object */;
}
